// !$*UTF8*$!
{
	archiveVersion = 1;
	classes = {
	};
	objectVersion = 51;
	objects = {

/* Begin PBXBuildFile section */
		0408F0C12564000700EF467E /* AppDelegate.m in Sources */ = {isa = PBXBuildFile; fileRef = 0408F0C02564000700EF467E /* AppDelegate.m */; };
		0408F0C72564000700EF467E /* ViewController.m in Sources */ = {isa = PBXBuildFile; fileRef = 0408F0C62564000700EF467E /* ViewController.m */; };
		0408F0CC2564000A00EF467E /* Assets.xcassets in Resources */ = {isa = PBXBuildFile; fileRef = 0408F0CB2564000A00EF467E /* Assets.xcassets */; };
		0408F0CF2564000A00EF467E /* LaunchScreen.storyboard in Resources */ = {isa = PBXBuildFile; fileRef = 0408F0CD2564000A00EF467E /* LaunchScreen.storyboard */; };
		0408F0D22564000A00EF467E /* main.m in Sources */ = {isa = PBXBuildFile; fileRef = 0408F0D12564000A00EF467E /* main.m */; };
		040BD3A5256A8BB20021558E /* BodyVC.m in Sources */ = {isa = PBXBuildFile; fileRef = 040BD3A4256A8BB20021558E /* BodyVC.m */; };
		04AD3BA7257493AF0033E4A7 /* ContourVC.m in Sources */ = {isa = PBXBuildFile; fileRef = 04AD3BA6257493AF0033E4A7 /* ContourVC.m */; };
		04DBAFD32564B17900152EC7 /* StillImageVC.m in Sources */ = {isa = PBXBuildFile; fileRef = 04DBAFD22564B17900152EC7 /* StillImageVC.m */; };
		04E6C4E9256905700063EA51 /* SaliencyVC.m in Sources */ = {isa = PBXBuildFile; fileRef = 04E6C4E8256905700063EA51 /* SaliencyVC.m */; };
		1308304BF70439FA6503404B /* Pods_ios_vision.framework in Frameworks */ = {isa = PBXBuildFile; fileRef = 1B3608B14A8270749440E11F /* Pods_ios_vision.framework */; };
/* End PBXBuildFile section */

/* Begin PBXFileReference section */
		0408F0BC2564000700EF467E /* ios-vision.app */ = {isa = PBXFileReference; explicitFileType = wrapper.application; includeInIndex = 0; path = "ios-vision.app"; sourceTree = BUILT_PRODUCTS_DIR; };
		0408F0BF2564000700EF467E /* AppDelegate.h */ = {isa = PBXFileReference; lastKnownFileType = sourcecode.c.h; path = AppDelegate.h; sourceTree = "<group>"; };
		0408F0C02564000700EF467E /* AppDelegate.m */ = {isa = PBXFileReference; lastKnownFileType = sourcecode.c.objc; path = AppDelegate.m; sourceTree = "<group>"; };
		0408F0C52564000700EF467E /* ViewController.h */ = {isa = PBXFileReference; lastKnownFileType = sourcecode.c.h; path = ViewController.h; sourceTree = "<group>"; };
		0408F0C62564000700EF467E /* ViewController.m */ = {isa = PBXFileReference; lastKnownFileType = sourcecode.c.objc; path = ViewController.m; sourceTree = "<group>"; };
		0408F0CB2564000A00EF467E /* Assets.xcassets */ = {isa = PBXFileReference; lastKnownFileType = folder.assetcatalog; path = Assets.xcassets; sourceTree = "<group>"; };
		0408F0CE2564000A00EF467E /* Base */ = {isa = PBXFileReference; lastKnownFileType = file.storyboard; name = Base; path = Base.lproj/LaunchScreen.storyboard; sourceTree = "<group>"; };
		0408F0D02564000A00EF467E /* Info.plist */ = {isa = PBXFileReference; lastKnownFileType = text.plist.xml; path = Info.plist; sourceTree = "<group>"; };
		0408F0D12564000A00EF467E /* main.m */ = {isa = PBXFileReference; lastKnownFileType = sourcecode.c.objc; path = main.m; sourceTree = "<group>"; };
		0408F0EB256406C800EF467E /* PrefixHeader.pch */ = {isa = PBXFileReference; lastKnownFileType = sourcecode.c.h; path = PrefixHeader.pch; sourceTree = "<group>"; };
		040BD3A3256A8BB20021558E /* BodyVC.h */ = {isa = PBXFileReference; lastKnownFileType = sourcecode.c.h; path = BodyVC.h; sourceTree = "<group>"; };
		040BD3A4256A8BB20021558E /* BodyVC.m */ = {isa = PBXFileReference; lastKnownFileType = sourcecode.c.objc; path = BodyVC.m; sourceTree = "<group>"; };
		04AD3BA5257493AF0033E4A7 /* ContourVC.h */ = {isa = PBXFileReference; lastKnownFileType = sourcecode.c.h; path = ContourVC.h; sourceTree = "<group>"; };
		04AD3BA6257493AF0033E4A7 /* ContourVC.m */ = {isa = PBXFileReference; lastKnownFileType = sourcecode.c.objc; path = ContourVC.m; sourceTree = "<group>"; };
		04DBAFD12564B17900152EC7 /* StillImageVC.h */ = {isa = PBXFileReference; lastKnownFileType = sourcecode.c.h; path = StillImageVC.h; sourceTree = "<group>"; };
		04DBAFD22564B17900152EC7 /* StillImageVC.m */ = {isa = PBXFileReference; lastKnownFileType = sourcecode.c.objc; path = StillImageVC.m; sourceTree = "<group>"; };
		04E6C4E7256905700063EA51 /* SaliencyVC.h */ = {isa = PBXFileReference; lastKnownFileType = sourcecode.c.h; path = SaliencyVC.h; sourceTree = "<group>"; };
		04E6C4E8256905700063EA51 /* SaliencyVC.m */ = {isa = PBXFileReference; lastKnownFileType = sourcecode.c.objc; path = SaliencyVC.m; sourceTree = "<group>"; };
		09EF4A2336A8983BB36C1872 /* Pods-ios-vision.debug.xcconfig */ = {isa = PBXFileReference; includeInIndex = 1; lastKnownFileType = text.xcconfig; name = "Pods-ios-vision.debug.xcconfig"; path = "Target Support Files/Pods-ios-vision/Pods-ios-vision.debug.xcconfig"; sourceTree = "<group>"; };
		1B3608B14A8270749440E11F /* Pods_ios_vision.framework */ = {isa = PBXFileReference; explicitFileType = wrapper.framework; includeInIndex = 0; path = Pods_ios_vision.framework; sourceTree = BUILT_PRODUCTS_DIR; };
		5EE313CAE647EC6A3D6CDEEB /* Pods-ios-vision.release.xcconfig */ = {isa = PBXFileReference; includeInIndex = 1; lastKnownFileType = text.xcconfig; name = "Pods-ios-vision.release.xcconfig"; path = "Target Support Files/Pods-ios-vision/Pods-ios-vision.release.xcconfig"; sourceTree = "<group>"; };
/* End PBXFileReference section */

/* Begin PBXFrameworksBuildPhase section */
		0408F0B92564000700EF467E /* Frameworks */ = {
			isa = PBXFrameworksBuildPhase;
			buildActionMask = 2147483647;
			files = (
				1308304BF70439FA6503404B /* Pods_ios_vision.framework in Frameworks */,
			);
			runOnlyForDeploymentPostprocessing = 0;
		};
/* End PBXFrameworksBuildPhase section */

/* Begin PBXGroup section */
		0408F0B32564000700EF467E = {
			isa = PBXGroup;
			children = (
				0408F0BE2564000700EF467E /* ios-vision */,
				0408F0BD2564000700EF467E /* Products */,
				5A22DB35538392871B4613A9 /* Pods */,
				536245F7E235E50B53B9BC3B /* Frameworks */,
			);
			sourceTree = "<group>";
		};
		0408F0BD2564000700EF467E /* Products */ = {
			isa = PBXGroup;
			children = (
				0408F0BC2564000700EF467E /* ios-vision.app */,
			);
			name = Products;
			sourceTree = "<group>";
		};
		0408F0BE2564000700EF467E /* ios-vision */ = {
			isa = PBXGroup;
			children = (
				0408F0DF2564017A00EF467E /* SupportFiles */,
				0408F0EA2564069700EF467E /* Define */,
				0408F0E72564037A00EF467E /* Models */,
			);
			path = "ios-vision";
			sourceTree = "<group>";
		};
		0408F0DF2564017A00EF467E /* SupportFiles */ = {
			isa = PBXGroup;
			children = (
				0408F0CB2564000A00EF467E /* Assets.xcassets */,
				0408F0CD2564000A00EF467E /* LaunchScreen.storyboard */,
				0408F0D02564000A00EF467E /* Info.plist */,
				0408F0D12564000A00EF467E /* main.m */,
				0408F0BF2564000700EF467E /* AppDelegate.h */,
				0408F0C02564000700EF467E /* AppDelegate.m */,
			);
			path = SupportFiles;
			sourceTree = "<group>";
		};
		0408F0E72564037A00EF467E /* Models */ = {
			isa = PBXGroup;
			children = (
				04AD3BA4257493760033E4A7 /* 10.Contour */,
				040BD3A2256A8B920021558E /* 8.Body */,
				04E6C4E62569054C0063EA51 /* 4.Saliency */,
				04DBAFD02564B15500152EC7 /* 7.StillImage */,
				0408F0C52564000700EF467E /* ViewController.h */,
				0408F0C62564000700EF467E /* ViewController.m */,
			);
			path = Models;
			sourceTree = "<group>";
		};
		0408F0EA2564069700EF467E /* Define */ = {
			isa = PBXGroup;
			children = (
				0408F0EB256406C800EF467E /* PrefixHeader.pch */,
			);
			path = Define;
			sourceTree = "<group>";
		};
		040BD3A2256A8B920021558E /* 8.Body */ = {
			isa = PBXGroup;
			children = (
				040BD3A3256A8BB20021558E /* BodyVC.h */,
				040BD3A4256A8BB20021558E /* BodyVC.m */,
			);
			path = 8.Body;
			sourceTree = "<group>";
		};
		04AD3BA4257493760033E4A7 /* 10.Contour */ = {
			isa = PBXGroup;
			children = (
				04AD3BA5257493AF0033E4A7 /* ContourVC.h */,
				04AD3BA6257493AF0033E4A7 /* ContourVC.m */,
			);
			path = 10.Contour;
			sourceTree = "<group>";
		};
		04DBAFD02564B15500152EC7 /* 7.StillImage */ = {
			isa = PBXGroup;
			children = (
				04DBAFD12564B17900152EC7 /* StillImageVC.h */,
				04DBAFD22564B17900152EC7 /* StillImageVC.m */,
			);
			path = 7.StillImage;
			sourceTree = "<group>";
		};
		04E6C4E62569054C0063EA51 /* 4.Saliency */ = {
			isa = PBXGroup;
			children = (
				04E6C4E7256905700063EA51 /* SaliencyVC.h */,
				04E6C4E8256905700063EA51 /* SaliencyVC.m */,
			);
			path = 4.Saliency;
			sourceTree = "<group>";
		};
		536245F7E235E50B53B9BC3B /* Frameworks */ = {
			isa = PBXGroup;
			children = (
				1B3608B14A8270749440E11F /* Pods_ios_vision.framework */,
			);
			name = Frameworks;
			sourceTree = "<group>";
		};
		5A22DB35538392871B4613A9 /* Pods */ = {
			isa = PBXGroup;
			children = (
				09EF4A2336A8983BB36C1872 /* Pods-ios-vision.debug.xcconfig */,
				5EE313CAE647EC6A3D6CDEEB /* Pods-ios-vision.release.xcconfig */,
			);
			path = Pods;
			sourceTree = "<group>";
		};
/* End PBXGroup section */

/* Begin PBXNativeTarget section */
		0408F0BB2564000700EF467E /* ios-vision */ = {
			isa = PBXNativeTarget;
			buildConfigurationList = 0408F0D52564000A00EF467E /* Build configuration list for PBXNativeTarget "ios-vision" */;
			buildPhases = (
				7804E2E503B934B0A5C53CC7 /* [CP] Check Pods Manifest.lock */,
				0408F0B82564000700EF467E /* Sources */,
				0408F0B92564000700EF467E /* Frameworks */,
				0408F0BA2564000700EF467E /* Resources */,
				61E04DC10F62685B6EE07136 /* [CP] Embed Pods Frameworks */,
			);
			buildRules = (
			);
			dependencies = (
			);
			name = "ios-vision";
			productName = "ios-vision";
			productReference = 0408F0BC2564000700EF467E /* ios-vision.app */;
			productType = "com.apple.product-type.application";
		};
/* End PBXNativeTarget section */

/* Begin PBXProject section */
		0408F0B42564000700EF467E /* Project object */ = {
			isa = PBXProject;
			attributes = {
				LastUpgradeCheck = 1220;
				TargetAttributes = {
					0408F0BB2564000700EF467E = {
						CreatedOnToolsVersion = 12.2;
					};
				};
			};
			buildConfigurationList = 0408F0B72564000700EF467E /* Build configuration list for PBXProject "ios-vision" */;
			compatibilityVersion = "Xcode 9.3";
			developmentRegion = en;
			hasScannedForEncodings = 0;
			knownRegions = (
				en,
				Base,
			);
			mainGroup = 0408F0B32564000700EF467E;
			productRefGroup = 0408F0BD2564000700EF467E /* Products */;
			projectDirPath = "";
			projectRoot = "";
			targets = (
				0408F0BB2564000700EF467E /* ios-vision */,
			);
		};
/* End PBXProject section */

/* Begin PBXResourcesBuildPhase section */
		0408F0BA2564000700EF467E /* Resources */ = {
			isa = PBXResourcesBuildPhase;
			buildActionMask = 2147483647;
			files = (
				0408F0CF2564000A00EF467E /* LaunchScreen.storyboard in Resources */,
				0408F0CC2564000A00EF467E /* Assets.xcassets in Resources */,
			);
			runOnlyForDeploymentPostprocessing = 0;
		};
/* End PBXResourcesBuildPhase section */

/* Begin PBXShellScriptBuildPhase section */
		61E04DC10F62685B6EE07136 /* [CP] Embed Pods Frameworks */ = {
			isa = PBXShellScriptBuildPhase;
			buildActionMask = 2147483647;
			files = (
			);
			inputFileListPaths = (
				"${PODS_ROOT}/Target Support Files/Pods-ios-vision/Pods-ios-vision-frameworks-${CONFIGURATION}-input-files.xcfilelist",
			);
			name = "[CP] Embed Pods Frameworks";
			outputFileListPaths = (
				"${PODS_ROOT}/Target Support Files/Pods-ios-vision/Pods-ios-vision-frameworks-${CONFIGURATION}-output-files.xcfilelist",
			);
			runOnlyForDeploymentPostprocessing = 0;
			shellPath = /bin/sh;
			shellScript = "\"${PODS_ROOT}/Target Support Files/Pods-ios-vision/Pods-ios-vision-frameworks.sh\"\n";
			showEnvVarsInLog = 0;
		};
		7804E2E503B934B0A5C53CC7 /* [CP] Check Pods Manifest.lock */ = {
			isa = PBXShellScriptBuildPhase;
			buildActionMask = 2147483647;
			files = (
			);
			inputFileListPaths = (
			);
			inputPaths = (
				"${PODS_PODFILE_DIR_PATH}/Podfile.lock",
				"${PODS_ROOT}/Manifest.lock",
			);
			name = "[CP] Check Pods Manifest.lock";
			outputFileListPaths = (
			);
			outputPaths = (
				"$(DERIVED_FILE_DIR)/Pods-ios-vision-checkManifestLockResult.txt",
			);
			runOnlyForDeploymentPostprocessing = 0;
			shellPath = /bin/sh;
			shellScript = "diff \"${PODS_PODFILE_DIR_PATH}/Podfile.lock\" \"${PODS_ROOT}/Manifest.lock\" > /dev/null\nif [ $? != 0 ] ; then\n    # print error to STDERR\n    echo \"error: The sandbox is not in sync with the Podfile.lock. Run 'pod install' or update your CocoaPods installation.\" >&2\n    exit 1\nfi\n# This output is used by Xcode 'outputs' to avoid re-running this script phase.\necho \"SUCCESS\" > \"${SCRIPT_OUTPUT_FILE_0}\"\n";
			showEnvVarsInLog = 0;
		};
/* End PBXShellScriptBuildPhase section */

/* Begin PBXSourcesBuildPhase section */
		0408F0B82564000700EF467E /* Sources */ = {
			isa = PBXSourcesBuildPhase;
			buildActionMask = 2147483647;
			files = (
				040BD3A5256A8BB20021558E /* BodyVC.m in Sources */,
				0408F0C72564000700EF467E /* ViewController.m in Sources */,
				04DBAFD32564B17900152EC7 /* StillImageVC.m in Sources */,
				04AD3BA7257493AF0033E4A7 /* ContourVC.m in Sources */,
				0408F0C12564000700EF467E /* AppDelegate.m in Sources */,
				0408F0D22564000A00EF467E /* main.m in Sources */,
				04E6C4E9256905700063EA51 /* SaliencyVC.m in Sources */,
			);
			runOnlyForDeploymentPostprocessing = 0;
		};
/* End PBXSourcesBuildPhase section */

/* Begin PBXVariantGroup section */
		0408F0CD2564000A00EF467E /* LaunchScreen.storyboard */ = {
			isa = PBXVariantGroup;
			children = (
				0408F0CE2564000A00EF467E /* Base */,
			);
			name = LaunchScreen.storyboard;
			sourceTree = "<group>";
		};
/* End PBXVariantGroup section */

/* Begin XCBuildConfiguration section */
		0408F0D32564000A00EF467E /* Debug */ = {
			isa = XCBuildConfiguration;
			buildSettings = {
				ALWAYS_SEARCH_USER_PATHS = NO;
				CLANG_ANALYZER_NONNULL = YES;
				CLANG_ANALYZER_NUMBER_OBJECT_CONVERSION = YES_AGGRESSIVE;
				CLANG_CXX_LANGUAGE_STANDARD = "gnu++14";
				CLANG_CXX_LIBRARY = "libc++";
				CLANG_ENABLE_MODULES = YES;
				CLANG_ENABLE_OBJC_ARC = YES;
				CLANG_ENABLE_OBJC_WEAK = YES;
				CLANG_WARN_BLOCK_CAPTURE_AUTORELEASING = YES;
				CLANG_WARN_BOOL_CONVERSION = YES;
				CLANG_WARN_COMMA = YES;
				CLANG_WARN_CONSTANT_CONVERSION = YES;
				CLANG_WARN_DEPRECATED_OBJC_IMPLEMENTATIONS = YES;
				CLANG_WARN_DIRECT_OBJC_ISA_USAGE = YES_ERROR;
				CLANG_WARN_DOCUMENTATION_COMMENTS = YES;
				CLANG_WARN_EMPTY_BODY = YES;
				CLANG_WARN_ENUM_CONVERSION = YES;
				CLANG_WARN_INFINITE_RECURSION = YES;
				CLANG_WARN_INT_CONVERSION = YES;
				CLANG_WARN_NON_LITERAL_NULL_CONVERSION = YES;
				CLANG_WARN_OBJC_IMPLICIT_RETAIN_SELF = YES;
				CLANG_WARN_OBJC_LITERAL_CONVERSION = YES;
				CLANG_WARN_OBJC_ROOT_CLASS = YES_ERROR;
				CLANG_WARN_QUOTED_INCLUDE_IN_FRAMEWORK_HEADER = YES;
				CLANG_WARN_RANGE_LOOP_ANALYSIS = YES;
				CLANG_WARN_STRICT_PROTOTYPES = YES;
				CLANG_WARN_SUSPICIOUS_MOVE = YES;
				CLANG_WARN_UNGUARDED_AVAILABILITY = YES_AGGRESSIVE;
				CLANG_WARN_UNREACHABLE_CODE = YES;
				CLANG_WARN__DUPLICATE_METHOD_MATCH = YES;
				COPY_PHASE_STRIP = NO;
				DEBUG_INFORMATION_FORMAT = dwarf;
				ENABLE_STRICT_OBJC_MSGSEND = YES;
				ENABLE_TESTABILITY = YES;
				GCC_C_LANGUAGE_STANDARD = gnu11;
				GCC_DYNAMIC_NO_PIC = NO;
				GCC_NO_COMMON_BLOCKS = YES;
				GCC_OPTIMIZATION_LEVEL = 0;
				GCC_PREPROCESSOR_DEFINITIONS = (
					"DEBUG=1",
					"$(inherited)",
				);
				GCC_WARN_64_TO_32_BIT_CONVERSION = YES;
				GCC_WARN_ABOUT_RETURN_TYPE = YES_ERROR;
				GCC_WARN_UNDECLARED_SELECTOR = YES;
				GCC_WARN_UNINITIALIZED_AUTOS = YES_AGGRESSIVE;
				GCC_WARN_UNUSED_FUNCTION = YES;
				GCC_WARN_UNUSED_VARIABLE = YES;
				IPHONEOS_DEPLOYMENT_TARGET = 14.2;
				MTL_ENABLE_DEBUG_INFO = INCLUDE_SOURCE;
				MTL_FAST_MATH = YES;
				ONLY_ACTIVE_ARCH = YES;
				SDKROOT = iphoneos;
			};
			name = Debug;
		};
		0408F0D42564000A00EF467E /* Release */ = {
			isa = XCBuildConfiguration;
			buildSettings = {
				ALWAYS_SEARCH_USER_PATHS = NO;
				CLANG_ANALYZER_NONNULL = YES;
				CLANG_ANALYZER_NUMBER_OBJECT_CONVERSION = YES_AGGRESSIVE;
				CLANG_CXX_LANGUAGE_STANDARD = "gnu++14";
				CLANG_CXX_LIBRARY = "libc++";
				CLANG_ENABLE_MODULES = YES;
				CLANG_ENABLE_OBJC_ARC = YES;
				CLANG_ENABLE_OBJC_WEAK = YES;
				CLANG_WARN_BLOCK_CAPTURE_AUTORELEASING = YES;
				CLANG_WARN_BOOL_CONVERSION = YES;
				CLANG_WARN_COMMA = YES;
				CLANG_WARN_CONSTANT_CONVERSION = YES;
				CLANG_WARN_DEPRECATED_OBJC_IMPLEMENTATIONS = YES;
				CLANG_WARN_DIRECT_OBJC_ISA_USAGE = YES_ERROR;
				CLANG_WARN_DOCUMENTATION_COMMENTS = YES;
				CLANG_WARN_EMPTY_BODY = YES;
				CLANG_WARN_ENUM_CONVERSION = YES;
				CLANG_WARN_INFINITE_RECURSION = YES;
				CLANG_WARN_INT_CONVERSION = YES;
				CLANG_WARN_NON_LITERAL_NULL_CONVERSION = YES;
				CLANG_WARN_OBJC_IMPLICIT_RETAIN_SELF = YES;
				CLANG_WARN_OBJC_LITERAL_CONVERSION = YES;
				CLANG_WARN_OBJC_ROOT_CLASS = YES_ERROR;
				CLANG_WARN_QUOTED_INCLUDE_IN_FRAMEWORK_HEADER = YES;
				CLANG_WARN_RANGE_LOOP_ANALYSIS = YES;
				CLANG_WARN_STRICT_PROTOTYPES = YES;
				CLANG_WARN_SUSPICIOUS_MOVE = YES;
				CLANG_WARN_UNGUARDED_AVAILABILITY = YES_AGGRESSIVE;
				CLANG_WARN_UNREACHABLE_CODE = YES;
				CLANG_WARN__DUPLICATE_METHOD_MATCH = YES;
				COPY_PHASE_STRIP = NO;
				DEBUG_INFORMATION_FORMAT = "dwarf-with-dsym";
				ENABLE_NS_ASSERTIONS = NO;
				ENABLE_STRICT_OBJC_MSGSEND = YES;
				GCC_C_LANGUAGE_STANDARD = gnu11;
				GCC_NO_COMMON_BLOCKS = YES;
				GCC_WARN_64_TO_32_BIT_CONVERSION = YES;
				GCC_WARN_ABOUT_RETURN_TYPE = YES_ERROR;
				GCC_WARN_UNDECLARED_SELECTOR = YES;
				GCC_WARN_UNINITIALIZED_AUTOS = YES_AGGRESSIVE;
				GCC_WARN_UNUSED_FUNCTION = YES;
				GCC_WARN_UNUSED_VARIABLE = YES;
				IPHONEOS_DEPLOYMENT_TARGET = 14.2;
				MTL_ENABLE_DEBUG_INFO = NO;
				MTL_FAST_MATH = YES;
				SDKROOT = iphoneos;
				VALIDATE_PRODUCT = YES;
			};
			name = Release;
		};
		0408F0D62564000A00EF467E /* Debug */ = {
			isa = XCBuildConfiguration;
			baseConfigurationReference = 09EF4A2336A8983BB36C1872 /* Pods-ios-vision.debug.xcconfig */;
			buildSettings = {
				ASSETCATALOG_COMPILER_APPICON_NAME = AppIcon;
				ASSETCATALOG_COMPILER_GLOBAL_ACCENT_COLOR_NAME = AccentColor;
				CODE_SIGN_STYLE = Automatic;
				DEVELOPMENT_TEAM = 2WUZ4595W7;
				GCC_PREFIX_HEADER = "ios-vision/Define/PrefixHeader.pch";
				INFOPLIST_FILE = "ios-vision/SupportFiles/Info.plist";
				IPHONEOS_DEPLOYMENT_TARGET = 13.0;
				LD_RUNPATH_SEARCH_PATHS = (
					"$(inherited)",
					"@executable_path/Frameworks",
				);
				PRODUCT_BUNDLE_IDENTIFIER = "net.tongark.ios-vision";
				PRODUCT_NAME = "$(TARGET_NAME)";
				TARGETED_DEVICE_FAMILY = 1;
			};
			name = Debug;
		};
		0408F0D72564000A00EF467E /* Release */ = {
			isa = XCBuildConfiguration;
			baseConfigurationReference = 5EE313CAE647EC6A3D6CDEEB /* Pods-ios-vision.release.xcconfig */;
			buildSettings = {
				ASSETCATALOG_COMPILER_APPICON_NAME = AppIcon;
				ASSETCATALOG_COMPILER_GLOBAL_ACCENT_COLOR_NAME = AccentColor;
				CODE_SIGN_STYLE = Automatic;
				DEVELOPMENT_TEAM = 2WUZ4595W7;
				GCC_PREFIX_HEADER = "ios-vision/Define/PrefixHeader.pch";
				INFOPLIST_FILE = "ios-vision/SupportFiles/Info.plist";
				IPHONEOS_DEPLOYMENT_TARGET = 13.0;
				LD_RUNPATH_SEARCH_PATHS = (
					"$(inherited)",
					"@executable_path/Frameworks",
				);
				PRODUCT_BUNDLE_IDENTIFIER = "net.tongark.ios-vision";
				PRODUCT_NAME = "$(TARGET_NAME)";
				TARGETED_DEVICE_FAMILY = 1;
			};
			name = Release;
		};
/* End XCBuildConfiguration section */

/* Begin XCConfigurationList section */
		0408F0B72564000700EF467E /* Build configuration list for PBXProject "ios-vision" */ = {
			isa = XCConfigurationList;
			buildConfigurations = (
				0408F0D32564000A00EF467E /* Debug */,
				0408F0D42564000A00EF467E /* Release */,
			);
			defaultConfigurationIsVisible = 0;
			defaultConfigurationName = Release;
		};
		0408F0D52564000A00EF467E /* Build configuration list for PBXNativeTarget "ios-vision" */ = {
			isa = XCConfigurationList;
			buildConfigurations = (
				0408F0D62564000A00EF467E /* Debug */,
				0408F0D72564000A00EF467E /* Release */,
			);
			defaultConfigurationIsVisible = 0;
			defaultConfigurationName = Release;
		};
/* End XCConfigurationList section */
	};
	rootObject = 0408F0B42564000700EF467E /* Project object */;
}
